
Microsoft Visual Studio Solution File, Format Version 12.00
# Visual Studio Version 17
VisualStudioVersion = 17.7.34031.279
MinimumVisualStudioVersion = 10.0.40219.1
Project("{FAE04EC0-301F-11D3-BF4B-00C04F79EFBC}") = "FISIPOLAB_", "FISIPOLAB_.csproj", "{82DBDE60-ACEB-416F-BBF7-CB503F0DF402}"
EndProject
Global
	GlobalSection(SolutionConfigurationPlatforms) = preSolution
		Debug|Any CPU = Debug|Any CPU
		Release|Any CPU = Release|Any CPU
	EndGlobalSection
	GlobalSection(ProjectConfigurationPlatforms) = postSolution
		{82DBDE60-ACEB-416F-BBF7-CB503F0DF402}.Debug|Any CPU.ActiveCfg = Debug|Any CPU
		{82DBDE60-ACEB-416F-BBF7-CB503F0DF402}.Debug|Any CPU.Build.0 = Debug|Any CPU
		{82DBDE60-ACEB-416F-BBF7-CB503F0DF402}.Release|Any CPU.ActiveCfg = Release|Any CPU
		{82DBDE60-ACEB-416F-BBF7-CB503F0DF402}.Release|Any CPU.Build.0 = Release|Any CPU
	EndGlobalSection
	GlobalSection(SolutionProperties) = preSolution
		HideSolutionNode = FALSE
	EndGlobalSection
	GlobalSection(ExtensibilityGlobals) = postSolution
		SolutionGuid = {D5B953A3-7764-4EB4-B632-2D2FC7C2DE26}
	EndGlobalSection
EndGlobal
